
Microsoft Visual Studio Solution File, Format Version 12.00
# Visual Studio Version 17
VisualStudioVersion = 17.4.33213.308
MinimumVisualStudioVersion = 10.0.40219.1
Project("{FAE04EC0-301F-11D3-BF4B-00C04F79EFBC}") = "Ejercicios_IF_Compuestos", "Ejercicios_IF_Compuestos.csproj", "{962DFF91-D78F-490C-8A5C-035082195A05}"
EndProject
Global
	GlobalSection(SolutionConfigurationPlatforms) = preSolution
		Debug|Any CPU = Debug|Any CPU
		Release|Any CPU = Release|Any CPU
	EndGlobalSection
	GlobalSection(ProjectConfigurationPlatforms) = postSolution
		{962DFF91-D78F-490C-8A5C-035082195A05}.Debug|Any CPU.ActiveCfg = Debug|Any CPU
		{962DFF91-D78F-490C-8A5C-035082195A05}.Debug|Any CPU.Build.0 = Debug|Any CPU
		{962DFF91-D78F-490C-8A5C-035082195A05}.Release|Any CPU.ActiveCfg = Release|Any CPU
		{962DFF91-D78F-490C-8A5C-035082195A05}.Release|Any CPU.Build.0 = Release|Any CPU
	EndGlobalSection
	GlobalSection(SolutionProperties) = preSolution
		HideSolutionNode = FALSE
	EndGlobalSection
	GlobalSection(ExtensibilityGlobals) = postSolution
		SolutionGuid = {A0795C67-2B4F-49C9-970F-EA084B30917E}
	EndGlobalSection
EndGlobal
